
Microsoft Visual Studio Solution File, Format Version 12.00
# Visual Studio 15
VisualStudioVersion = 15.0.28307.572
MinimumVisualStudioVersion = 10.0.40219.1
Project("{FAE04EC0-301F-11D3-BF4B-00C04F79EFBC}") = "Demo_Test", "Demo_Test.csproj", "{CDD98476-95D6-48DE-8E3A-6BA3316B9C0C}"
EndProject
Project("{FAE04EC0-301F-11D3-BF4B-00C04F79EFBC}") = "Calculation", "..\Calculation\Calculation.csproj", "{0B45042E-2A9D-4A07-9C8C-D1863DA8E61A}"
EndProject
Global
	GlobalSection(SolutionConfigurationPlatforms) = preSolution
		Debug|Any CPU = Debug|Any CPU
		Release|Any CPU = Release|Any CPU
	EndGlobalSection
	GlobalSection(ProjectConfigurationPlatforms) = postSolution
		{CDD98476-95D6-48DE-8E3A-6BA3316B9C0C}.Debug|Any CPU.ActiveCfg = Debug|Any CPU
		{CDD98476-95D6-48DE-8E3A-6BA3316B9C0C}.Debug|Any CPU.Build.0 = Debug|Any CPU
		{CDD98476-95D6-48DE-8E3A-6BA3316B9C0C}.Release|Any CPU.ActiveCfg = Release|Any CPU
		{CDD98476-95D6-48DE-8E3A-6BA3316B9C0C}.Release|Any CPU.Build.0 = Release|Any CPU
		{0B45042E-2A9D-4A07-9C8C-D1863DA8E61A}.Debug|Any CPU.ActiveCfg = Debug|Any CPU
		{0B45042E-2A9D-4A07-9C8C-D1863DA8E61A}.Debug|Any CPU.Build.0 = Debug|Any CPU
		{0B45042E-2A9D-4A07-9C8C-D1863DA8E61A}.Release|Any CPU.ActiveCfg = Release|Any CPU
		{0B45042E-2A9D-4A07-9C8C-D1863DA8E61A}.Release|Any CPU.Build.0 = Release|Any CPU
	EndGlobalSection
	GlobalSection(SolutionProperties) = preSolution
		HideSolutionNode = FALSE
	EndGlobalSection
	GlobalSection(ExtensibilityGlobals) = postSolution
		SolutionGuid = {92C46C7C-DA4C-4A13-97F9-8103F9786A92}
	EndGlobalSection
EndGlobal
